
Microsoft Visual Studio Solution File, Format Version 12.00
# Visual Studio 2013
VisualStudioVersion = 12.0.21005.1
MinimumVisualStudioVersion = 10.0.40219.1
Project("{FAE04EC0-301F-11D3-BF4B-00C04F79EFBC}") = "WebApplication7", "WebApplication7\WebApplication7.csproj", "{72691177-340E-4E08-91E8-220F562181DC}"
EndProject
Project("{FAE04EC0-301F-11D3-BF4B-00C04F79EFBC}") = "mnxi_db", "mnxi_db\mnxi_db.csproj", "{0F9D2013-B214-4D70-A94A-BB2984537670}"
EndProject
Global
	GlobalSection(SolutionConfigurationPlatforms) = preSolution
		Debug|Any CPU = Debug|Any CPU
		Release|Any CPU = Release|Any CPU
	EndGlobalSection
	GlobalSection(ProjectConfigurationPlatforms) = postSolution
		{72691177-340E-4E08-91E8-220F562181DC}.Debug|Any CPU.ActiveCfg = Debug|Any CPU
		{72691177-340E-4E08-91E8-220F562181DC}.Debug|Any CPU.Build.0 = Debug|Any CPU
		{72691177-340E-4E08-91E8-220F562181DC}.Release|Any CPU.ActiveCfg = Release|Any CPU
		{72691177-340E-4E08-91E8-220F562181DC}.Release|Any CPU.Build.0 = Release|Any CPU
		{0F9D2013-B214-4D70-A94A-BB2984537670}.Debug|Any CPU.ActiveCfg = Debug|Any CPU
		{0F9D2013-B214-4D70-A94A-BB2984537670}.Debug|Any CPU.Build.0 = Debug|Any CPU
		{0F9D2013-B214-4D70-A94A-BB2984537670}.Release|Any CPU.ActiveCfg = Release|Any CPU
		{0F9D2013-B214-4D70-A94A-BB2984537670}.Release|Any CPU.Build.0 = Release|Any CPU
	EndGlobalSection
	GlobalSection(SolutionProperties) = preSolution
		HideSolutionNode = FALSE
	EndGlobalSection
EndGlobal
